// Minimal fixture project for Confuse detect-only tests.
{
	archiveVersion = 1;
	classes = {
	};
	objectVersion = 54;
	objects = {
		AA0000010000000000000001 = {
			isa = PBXFileReference;
			lastKnownFileType = sourcecode.swift;
			path = AppDelegate.swift;
			sourceTree = "<group>";
		};
		AA0000020000000000000001 = {
			isa = PBXGroup;
			children = (
				AA0000010000000000000001,
			);
			path = Runner;
			sourceTree = "<group>";
		};
		AA0000030000000000000001 = {
			isa = PBXGroup;
			children = (
				AA0000020000000000000001,
			);
			sourceTree = "<group>";
		};
		AA0000040000000000000001 = {
			isa = PBXProject;
			attributes = {
				LastUpgradeCheck = 1500;
			};
			buildConfigurationList = AA0000050000000000000001;
			compatibilityVersion = "Xcode 14.0";
			developmentRegion = en;
			hasScannedForEncodings = 0;
			mainGroup = AA0000030000000000000001;
			productRefGroup = AA0000030000000000000001;
			projectDirPath = "";
			projectRoot = "";
			targets = (
				AA0000060000000000000001,
			);
		};
		AA0000050000000000000001 = {
			isa = XCConfigurationList;
			buildConfigurations = (
				AA0000070000000000000001,
			);
			defaultConfigurationIsVisible = 0;
			defaultConfigurationName = Release;
		};
		AA0000060000000000000001 = {
			isa = PBXNativeTarget;
			buildConfigurationList = AA0000080000000000000001;
			buildPhases = (
			);
			buildRules = (
			);
			dependencies = (
			);
			name = Runner;
			productName = Runner;
			productType = "com.apple.product-type.application";
		};
		AA0000070000000000000001 = {
			isa = XCBuildConfiguration;
			buildSettings = {
				PRODUCT_NAME = Runner;
			};
			name = Release;
		};
		AA0000080000000000000001 = {
			isa = XCConfigurationList;
			buildConfigurations = (
				AA0000070000000000000001,
			);
			defaultConfigurationIsVisible = 0;
			defaultConfigurationName = Release;
		};
	};
	rootObject = AA0000040000000000000001;
}
